// !$*UTF8*$!
{
	archiveVersion = 1;
	classes = {
	};
	objectVersion = 56;
	objects = {

/* Begin PBXBuildFile section */
		343B9D9D28D3A07C00956373 /* AppDelegate.swift in Sources */ = {isa = PBXBuildFile; fileRef = 343B9D9C28D3A07C00956373 /* AppDelegate.swift */; };
		343B9DA128D3A07C00956373 /* LoginVC.swift in Sources */ = {isa = PBXBuildFile; fileRef = 343B9DA028D3A07C00956373 /* LoginVC.swift */; };
		343B9DA628D3A07E00956373 /* Assets.xcassets in Resources */ = {isa = PBXBuildFile; fileRef = 343B9DA528D3A07E00956373 /* Assets.xcassets */; };
		343B9DB128D3A48A00956373 /* LoginScreen.swift in Sources */ = {isa = PBXBuildFile; fileRef = 343B9DB028D3A48A00956373 /* LoginScreen.swift */; };
		848434572A76957000544825 /* SceneDelegate.swift in Sources */ = {isa = PBXBuildFile; fileRef = 343B9D9E28D3A07C00956373 /* SceneDelegate.swift */; };
		84A14B722A75ADD800B5F492 /* GoogleService-Info.plist in Resources */ = {isa = PBXBuildFile; fileRef = 84A14B712A75ADD800B5F492 /* GoogleService-Info.plist */; };
		84A14B752A75AEA500B5F492 /* FirebaseAuth in Frameworks */ = {isa = PBXBuildFile; productRef = 84A14B742A75AEA500B5F492 /* FirebaseAuth */; };
		84A14B772A75AEA500B5F492 /* FirebaseCrashlytics in Frameworks */ = {isa = PBXBuildFile; productRef = 84A14B762A75AEA500B5F492 /* FirebaseCrashlytics */; };
		84A14B7B2A75B10800B5F492 /* UIViewController+Extension.swift in Sources */ = {isa = PBXBuildFile; fileRef = 84A14B7A2A75B10800B5F492 /* UIViewController+Extension.swift */; };
		84A14B7D2A75B4D400B5F492 /* String+Extension.swift in Sources */ = {isa = PBXBuildFile; fileRef = 84A14B7C2A75B4D400B5F492 /* String+Extension.swift */; };
		84AE0A2F2A8AF64300D0B408 /* AlertController.swift in Sources */ = {isa = PBXBuildFile; fileRef = 84AE0A2E2A8AF64300D0B408 /* AlertController.swift */; };
		84AF0FDA2A743F1500536FC7 /* Launch Screen.storyboard in Resources */ = {isa = PBXBuildFile; fileRef = 84AF0FD92A743F1500536FC7 /* Launch Screen.storyboard */; };
/* End PBXBuildFile section */

/* Begin PBXFileReference section */
		343B9D9928D3A07C00956373 /* AppBackFront.app */ = {isa = PBXFileReference; explicitFileType = wrapper.application; includeInIndex = 0; path = AppBackFront.app; sourceTree = BUILT_PRODUCTS_DIR; };
		343B9D9C28D3A07C00956373 /* AppDelegate.swift */ = {isa = PBXFileReference; lastKnownFileType = sourcecode.swift; path = AppDelegate.swift; sourceTree = "<group>"; };
		343B9D9E28D3A07C00956373 /* SceneDelegate.swift */ = {isa = PBXFileReference; lastKnownFileType = sourcecode.swift; path = SceneDelegate.swift; sourceTree = "<group>"; };
		343B9DA028D3A07C00956373 /* LoginVC.swift */ = {isa = PBXFileReference; lastKnownFileType = sourcecode.swift; path = LoginVC.swift; sourceTree = "<group>"; };
		343B9DA528D3A07E00956373 /* Assets.xcassets */ = {isa = PBXFileReference; lastKnownFileType = folder.assetcatalog; path = Assets.xcassets; sourceTree = "<group>"; };
		343B9DAA28D3A07E00956373 /* Info.plist */ = {isa = PBXFileReference; lastKnownFileType = text.plist.xml; path = Info.plist; sourceTree = "<group>"; };
		343B9DB028D3A48A00956373 /* LoginScreen.swift */ = {isa = PBXFileReference; lastKnownFileType = sourcecode.swift; path = LoginScreen.swift; sourceTree = "<group>"; };
		84A14B712A75ADD800B5F492 /* GoogleService-Info.plist */ = {isa = PBXFileReference; fileEncoding = 4; lastKnownFileType = text.plist.xml; path = "GoogleService-Info.plist"; sourceTree = "<group>"; };
		84A14B7A2A75B10800B5F492 /* UIViewController+Extension.swift */ = {isa = PBXFileReference; lastKnownFileType = sourcecode.swift; path = "UIViewController+Extension.swift"; sourceTree = "<group>"; };
		84A14B7C2A75B4D400B5F492 /* String+Extension.swift */ = {isa = PBXFileReference; lastKnownFileType = sourcecode.swift; path = "String+Extension.swift"; sourceTree = "<group>"; };
		84AE0A2E2A8AF64300D0B408 /* AlertController.swift */ = {isa = PBXFileReference; lastKnownFileType = sourcecode.swift; path = AlertController.swift; sourceTree = "<group>"; };
		84AF0FD92A743F1500536FC7 /* Launch Screen.storyboard */ = {isa = PBXFileReference; lastKnownFileType = file.storyboard; path = "Launch Screen.storyboard"; sourceTree = "<group>"; };
/* End PBXFileReference section */

/* Begin PBXFrameworksBuildPhase section */
		343B9D9628D3A07C00956373 /* Frameworks */ = {
			isa = PBXFrameworksBuildPhase;
			buildActionMask = 2147483647;
			files = (
				84A14B752A75AEA500B5F492 /* FirebaseAuth in Frameworks */,
				84A14B772A75AEA500B5F492 /* FirebaseCrashlytics in Frameworks */,
			);
			runOnlyForDeploymentPostprocessing = 0;
		};
/* End PBXFrameworksBuildPhase section */

/* Begin PBXGroup section */
		343B9D9028D3A07C00956373 = {
			isa = PBXGroup;
			children = (
				343B9D9B28D3A07C00956373 /* AppBackFront */,
				343B9D9A28D3A07C00956373 /* Products */,
			);
			sourceTree = "<group>";
		};
		343B9D9A28D3A07C00956373 /* Products */ = {
			isa = PBXGroup;
			children = (
				343B9D9928D3A07C00956373 /* AppBackFront.app */,
			);
			name = Products;
			sourceTree = "<group>";
		};
		343B9D9B28D3A07C00956373 /* AppBackFront */ = {
			isa = PBXGroup;
			children = (
				84AE0A2D2A8AF62F00D0B408 /* Alert */,
				84A14B782A75B0D300B5F492 /* Utils */,
				84353C6C2A74417C00F1D22C /* Login */,
				343B9D9C28D3A07C00956373 /* AppDelegate.swift */,
				343B9D9E28D3A07C00956373 /* SceneDelegate.swift */,
				343B9DA528D3A07E00956373 /* Assets.xcassets */,
				84AF0FD92A743F1500536FC7 /* Launch Screen.storyboard */,
				84A14B712A75ADD800B5F492 /* GoogleService-Info.plist */,
				343B9DAA28D3A07E00956373 /* Info.plist */,
			);
			path = AppBackFront;
			sourceTree = "<group>";
		};
		84353C6C2A74417C00F1D22C /* Login */ = {
			isa = PBXGroup;
			children = (
				343B9DA028D3A07C00956373 /* LoginVC.swift */,
				84353C6D2A74418A00F1D22C /* Screen */,
			);
			path = Login;
			sourceTree = "<group>";
		};
		84353C6D2A74418A00F1D22C /* Screen */ = {
			isa = PBXGroup;
			children = (
				343B9DB028D3A48A00956373 /* LoginScreen.swift */,
			);
			path = Screen;
			sourceTree = "<group>";
		};
		84A14B782A75B0D300B5F492 /* Utils */ = {
			isa = PBXGroup;
			children = (
				84A14B792A75B0DD00B5F492 /* Extension */,
			);
			path = Utils;
			sourceTree = "<group>";
		};
		84A14B792A75B0DD00B5F492 /* Extension */ = {
			isa = PBXGroup;
			children = (
				84A14B7A2A75B10800B5F492 /* UIViewController+Extension.swift */,
				84A14B7C2A75B4D400B5F492 /* String+Extension.swift */,
			);
			path = Extension;
			sourceTree = "<group>";
		};
		84AE0A2D2A8AF62F00D0B408 /* Alert */ = {
			isa = PBXGroup;
			children = (
				84AE0A2E2A8AF64300D0B408 /* AlertController.swift */,
			);
			path = Alert;
			sourceTree = "<group>";
		};
/* End PBXGroup section */

/* Begin PBXNativeTarget section */
		343B9D9828D3A07C00956373 /* AppBackFront */ = {
			isa = PBXNativeTarget;
			buildConfigurationList = 343B9DAD28D3A07E00956373 /* Build configuration list for PBXNativeTarget "AppBackFront" */;
			buildPhases = (
				343B9D9528D3A07C00956373 /* Sources */,
				343B9D9628D3A07C00956373 /* Frameworks */,
				343B9D9728D3A07C00956373 /* Resources */,
			);
			buildRules = (
			);
			dependencies = (
			);
			name = AppBackFront;
			packageProductDependencies = (
				84A14B742A75AEA500B5F492 /* FirebaseAuth */,
				84A14B762A75AEA500B5F492 /* FirebaseCrashlytics */,
			);
			productName = AppBackFront;
			productReference = 343B9D9928D3A07C00956373 /* AppBackFront.app */;
			productType = "com.apple.product-type.application";
		};
/* End PBXNativeTarget section */

/* Begin PBXProject section */
		343B9D9128D3A07C00956373 /* Project object */ = {
			isa = PBXProject;
			attributes = {
				BuildIndependentTargetsInParallel = 1;
				LastSwiftUpdateCheck = 1400;
				LastUpgradeCheck = 1400;
				TargetAttributes = {
					343B9D9828D3A07C00956373 = {
						CreatedOnToolsVersion = 14.0;
					};
				};
			};
			buildConfigurationList = 343B9D9428D3A07C00956373 /* Build configuration list for PBXProject "AppBackFront" */;
			compatibilityVersion = "Xcode 14.0";
			developmentRegion = en;
			hasScannedForEncodings = 0;
			knownRegions = (
				en,
				Base,
			);
			mainGroup = 343B9D9028D3A07C00956373;
			packageReferences = (
				84A14B732A75AEA500B5F492 /* XCRemoteSwiftPackageReference "firebase-ios-sdk" */,
			);
			productRefGroup = 343B9D9A28D3A07C00956373 /* Products */;
			projectDirPath = "";
			projectRoot = "";
			targets = (
				343B9D9828D3A07C00956373 /* AppBackFront */,
			);
		};
/* End PBXProject section */

/* Begin PBXResourcesBuildPhase section */
		343B9D9728D3A07C00956373 /* Resources */ = {
			isa = PBXResourcesBuildPhase;
			buildActionMask = 2147483647;
			files = (
				84AF0FDA2A743F1500536FC7 /* Launch Screen.storyboard in Resources */,
				343B9DA628D3A07E00956373 /* Assets.xcassets in Resources */,
				84A14B722A75ADD800B5F492 /* GoogleService-Info.plist in Resources */,
			);
			runOnlyForDeploymentPostprocessing = 0;
		};
/* End PBXResourcesBuildPhase section */

/* Begin PBXSourcesBuildPhase section */
		343B9D9528D3A07C00956373 /* Sources */ = {
			isa = PBXSourcesBuildPhase;
			buildActionMask = 2147483647;
			files = (
				343B9DA128D3A07C00956373 /* LoginVC.swift in Sources */,
				343B9DB128D3A48A00956373 /* LoginScreen.swift in Sources */,
				343B9D9D28D3A07C00956373 /* AppDelegate.swift in Sources */,
				84A14B7B2A75B10800B5F492 /* UIViewController+Extension.swift in Sources */,
				84AE0A2F2A8AF64300D0B408 /* AlertController.swift in Sources */,
				84A14B7D2A75B4D400B5F492 /* String+Extension.swift in Sources */,
				848434572A76957000544825 /* SceneDelegate.swift in Sources */,
			);
			runOnlyForDeploymentPostprocessing = 0;
		};
/* End PBXSourcesBuildPhase section */

/* Begin XCBuildConfiguration section */
		343B9DAB28D3A07E00956373 /* Debug */ = {
			isa = XCBuildConfiguration;
			buildSettings = {
				ALWAYS_SEARCH_USER_PATHS = NO;
				CLANG_ANALYZER_NONNULL = YES;
				CLANG_ANALYZER_NUMBER_OBJECT_CONVERSION = YES_AGGRESSIVE;
				CLANG_CXX_LANGUAGE_STANDARD = "gnu++20";
				CLANG_ENABLE_MODULES = YES;
				CLANG_ENABLE_OBJC_ARC = YES;
				CLANG_ENABLE_OBJC_WEAK = YES;
				CLANG_WARN_BLOCK_CAPTURE_AUTORELEASING = YES;
				CLANG_WARN_BOOL_CONVERSION = YES;
				CLANG_WARN_COMMA = YES;
				CLANG_WARN_CONSTANT_CONVERSION = YES;
				CLANG_WARN_DEPRECATED_OBJC_IMPLEMENTATIONS = YES;
				CLANG_WARN_DIRECT_OBJC_ISA_USAGE = YES_ERROR;
				CLANG_WARN_DOCUMENTATION_COMMENTS = YES;
				CLANG_WARN_EMPTY_BODY = YES;
				CLANG_WARN_ENUM_CONVERSION = YES;
				CLANG_WARN_INFINITE_RECURSION = YES;
				CLANG_WARN_INT_CONVERSION = YES;
				CLANG_WARN_NON_LITERAL_NULL_CONVERSION = YES;
				CLANG_WARN_OBJC_IMPLICIT_RETAIN_SELF = YES;
				CLANG_WARN_OBJC_LITERAL_CONVERSION = YES;
				CLANG_WARN_OBJC_ROOT_CLASS = YES_ERROR;
				CLANG_WARN_QUOTED_INCLUDE_IN_FRAMEWORK_HEADER = YES;
				CLANG_WARN_RANGE_LOOP_ANALYSIS = YES;
				CLANG_WARN_STRICT_PROTOTYPES = YES;
				CLANG_WARN_SUSPICIOUS_MOVE = YES;
				CLANG_WARN_UNGUARDED_AVAILABILITY = YES_AGGRESSIVE;
				CLANG_WARN_UNREACHABLE_CODE = YES;
				CLANG_WARN__DUPLICATE_METHOD_MATCH = YES;
				COPY_PHASE_STRIP = NO;
				DEBUG_INFORMATION_FORMAT = dwarf;
				ENABLE_STRICT_OBJC_MSGSEND = YES;
				ENABLE_TESTABILITY = YES;
				GCC_C_LANGUAGE_STANDARD = gnu11;
				GCC_DYNAMIC_NO_PIC = NO;
				GCC_NO_COMMON_BLOCKS = YES;
				GCC_OPTIMIZATION_LEVEL = 0;
				GCC_PREPROCESSOR_DEFINITIONS = (
					"DEBUG=1",
					"$(inherited)",
				);
				GCC_WARN_64_TO_32_BIT_CONVERSION = YES;
				GCC_WARN_ABOUT_RETURN_TYPE = YES_ERROR;
				GCC_WARN_UNDECLARED_SELECTOR = YES;
				GCC_WARN_UNINITIALIZED_AUTOS = YES_AGGRESSIVE;
				GCC_WARN_UNUSED_FUNCTION = YES;
				GCC_WARN_UNUSED_VARIABLE = YES;
				IPHONEOS_DEPLOYMENT_TARGET = 16.0;
				MTL_ENABLE_DEBUG_INFO = INCLUDE_SOURCE;
				MTL_FAST_MATH = YES;
				ONLY_ACTIVE_ARCH = YES;
				SDKROOT = iphoneos;
				SWIFT_ACTIVE_COMPILATION_CONDITIONS = DEBUG;
				SWIFT_OPTIMIZATION_LEVEL = "-Onone";
			};
			name = Debug;
		};
		343B9DAC28D3A07E00956373 /* Release */ = {
			isa = XCBuildConfiguration;
			buildSettings = {
				ALWAYS_SEARCH_USER_PATHS = NO;
				CLANG_ANALYZER_NONNULL = YES;
				CLANG_ANALYZER_NUMBER_OBJECT_CONVERSION = YES_AGGRESSIVE;
				CLANG_CXX_LANGUAGE_STANDARD = "gnu++20";
				CLANG_ENABLE_MODULES = YES;
				CLANG_ENABLE_OBJC_ARC = YES;
				CLANG_ENABLE_OBJC_WEAK = YES;
				CLANG_WARN_BLOCK_CAPTURE_AUTORELEASING = YES;
				CLANG_WARN_BOOL_CONVERSION = YES;
				CLANG_WARN_COMMA = YES;
				CLANG_WARN_CONSTANT_CONVERSION = YES;
				CLANG_WARN_DEPRECATED_OBJC_IMPLEMENTATIONS = YES;
				CLANG_WARN_DIRECT_OBJC_ISA_USAGE = YES_ERROR;
				CLANG_WARN_DOCUMENTATION_COMMENTS = YES;
				CLANG_WARN_EMPTY_BODY = YES;
				CLANG_WARN_ENUM_CONVERSION = YES;
				CLANG_WARN_INFINITE_RECURSION = YES;
				CLANG_WARN_INT_CONVERSION = YES;
				CLANG_WARN_NON_LITERAL_NULL_CONVERSION = YES;
				CLANG_WARN_OBJC_IMPLICIT_RETAIN_SELF = YES;
				CLANG_WARN_OBJC_LITERAL_CONVERSION = YES;
				CLANG_WARN_OBJC_ROOT_CLASS = YES_ERROR;
				CLANG_WARN_QUOTED_INCLUDE_IN_FRAMEWORK_HEADER = YES;
				CLANG_WARN_RANGE_LOOP_ANALYSIS = YES;
				CLANG_WARN_STRICT_PROTOTYPES = YES;
				CLANG_WARN_SUSPICIOUS_MOVE = YES;
				CLANG_WARN_UNGUARDED_AVAILABILITY = YES_AGGRESSIVE;
				CLANG_WARN_UNREACHABLE_CODE = YES;
				CLANG_WARN__DUPLICATE_METHOD_MATCH = YES;
				COPY_PHASE_STRIP = NO;
				DEBUG_INFORMATION_FORMAT = "dwarf-with-dsym";
				ENABLE_NS_ASSERTIONS = NO;
				ENABLE_STRICT_OBJC_MSGSEND = YES;
				GCC_C_LANGUAGE_STANDARD = gnu11;
				GCC_NO_COMMON_BLOCKS = YES;
				GCC_WARN_64_TO_32_BIT_CONVERSION = YES;
				GCC_WARN_ABOUT_RETURN_TYPE = YES_ERROR;
				GCC_WARN_UNDECLARED_SELECTOR = YES;
				GCC_WARN_UNINITIALIZED_AUTOS = YES_AGGRESSIVE;
				GCC_WARN_UNUSED_FUNCTION = YES;
				GCC_WARN_UNUSED_VARIABLE = YES;
				IPHONEOS_DEPLOYMENT_TARGET = 16.0;
				MTL_ENABLE_DEBUG_INFO = NO;
				MTL_FAST_MATH = YES;
				SDKROOT = iphoneos;
				SWIFT_COMPILATION_MODE = wholemodule;
				SWIFT_OPTIMIZATION_LEVEL = "-O";
				VALIDATE_PRODUCT = YES;
			};
			name = Release;
		};
		343B9DAE28D3A07E00956373 /* Debug */ = {
			isa = XCBuildConfiguration;
			buildSettings = {
				ASSETCATALOG_COMPILER_APPICON_NAME = AppIcon;
				ASSETCATALOG_COMPILER_GLOBAL_ACCENT_COLOR_NAME = AccentColor;
				CODE_SIGN_STYLE = Automatic;
				CURRENT_PROJECT_VERSION = 1;
				GENERATE_INFOPLIST_FILE = YES;
				INFOPLIST_FILE = AppBackFront/Info.plist;
				INFOPLIST_KEY_UIApplicationSupportsIndirectInputEvents = YES;
				INFOPLIST_KEY_UILaunchStoryboardName = LaunchScreen;
				INFOPLIST_KEY_UIMainStoryboardFile = "";
				INFOPLIST_KEY_UISupportedInterfaceOrientations_iPad = "UIInterfaceOrientationPortrait UIInterfaceOrientationPortraitUpsideDown UIInterfaceOrientationLandscapeLeft UIInterfaceOrientationLandscapeRight";
				INFOPLIST_KEY_UISupportedInterfaceOrientations_iPhone = "UIInterfaceOrientationPortrait UIInterfaceOrientationLandscapeLeft UIInterfaceOrientationLandscapeRight";
				LD_RUNPATH_SEARCH_PATHS = (
					"$(inherited)",
					"@executable_path/Frameworks",
				);
				MARKETING_VERSION = 1.0;
				PRODUCT_BUNDLE_IDENTIFIER = backFront.AppBackFrontAllysson;
				PRODUCT_NAME = "$(TARGET_NAME)";
				SUPPORTED_PLATFORMS = "iphoneos iphonesimulator";
				SUPPORTS_MACCATALYST = NO;
				SUPPORTS_MAC_DESIGNED_FOR_IPHONE_IPAD = NO;
				SWIFT_EMIT_LOC_STRINGS = YES;
				SWIFT_VERSION = 5.0;
				TARGETED_DEVICE_FAMILY = 1;
			};
			name = Debug;
		};
		343B9DAF28D3A07E00956373 /* Release */ = {
			isa = XCBuildConfiguration;
			buildSettings = {
				ASSETCATALOG_COMPILER_APPICON_NAME = AppIcon;
				ASSETCATALOG_COMPILER_GLOBAL_ACCENT_COLOR_NAME = AccentColor;
				CODE_SIGN_STYLE = Automatic;
				CURRENT_PROJECT_VERSION = 1;
				GENERATE_INFOPLIST_FILE = YES;
				INFOPLIST_FILE = AppBackFront/Info.plist;
				INFOPLIST_KEY_UIApplicationSupportsIndirectInputEvents = YES;
				INFOPLIST_KEY_UILaunchStoryboardName = LaunchScreen;
				INFOPLIST_KEY_UIMainStoryboardFile = "";
				INFOPLIST_KEY_UISupportedInterfaceOrientations_iPad = "UIInterfaceOrientationPortrait UIInterfaceOrientationPortraitUpsideDown UIInterfaceOrientationLandscapeLeft UIInterfaceOrientationLandscapeRight";
				INFOPLIST_KEY_UISupportedInterfaceOrientations_iPhone = "UIInterfaceOrientationPortrait UIInterfaceOrientationLandscapeLeft UIInterfaceOrientationLandscapeRight";
				LD_RUNPATH_SEARCH_PATHS = (
					"$(inherited)",
					"@executable_path/Frameworks",
				);
				MARKETING_VERSION = 1.0;
				PRODUCT_BUNDLE_IDENTIFIER = backFront.AppBackFrontAllysson;
				PRODUCT_NAME = "$(TARGET_NAME)";
				SUPPORTED_PLATFORMS = "iphoneos iphonesimulator";
				SUPPORTS_MACCATALYST = NO;
				SUPPORTS_MAC_DESIGNED_FOR_IPHONE_IPAD = NO;
				SWIFT_EMIT_LOC_STRINGS = YES;
				SWIFT_VERSION = 5.0;
				TARGETED_DEVICE_FAMILY = 1;
			};
			name = Release;
		};
/* End XCBuildConfiguration section */

/* Begin XCConfigurationList section */
		343B9D9428D3A07C00956373 /* Build configuration list for PBXProject "AppBackFront" */ = {
			isa = XCConfigurationList;
			buildConfigurations = (
				343B9DAB28D3A07E00956373 /* Debug */,
				343B9DAC28D3A07E00956373 /* Release */,
			);
			defaultConfigurationIsVisible = 0;
			defaultConfigurationName = Release;
		};
		343B9DAD28D3A07E00956373 /* Build configuration list for PBXNativeTarget "AppBackFront" */ = {
			isa = XCConfigurationList;
			buildConfigurations = (
				343B9DAE28D3A07E00956373 /* Debug */,
				343B9DAF28D3A07E00956373 /* Release */,
			);
			defaultConfigurationIsVisible = 0;
			defaultConfigurationName = Release;
		};
/* End XCConfigurationList section */

/* Begin XCRemoteSwiftPackageReference section */
		84A14B732A75AEA500B5F492 /* XCRemoteSwiftPackageReference "firebase-ios-sdk" */ = {
			isa = XCRemoteSwiftPackageReference;
			repositoryURL = "https://github.com/firebase/firebase-ios-sdk";
			requirement = {
				kind = upToNextMajorVersion;
				minimumVersion = 10.0.0;
			};
		};
/* End XCRemoteSwiftPackageReference section */

/* Begin XCSwiftPackageProductDependency section */
		84A14B742A75AEA500B5F492 /* FirebaseAuth */ = {
			isa = XCSwiftPackageProductDependency;
			package = 84A14B732A75AEA500B5F492 /* XCRemoteSwiftPackageReference "firebase-ios-sdk" */;
			productName = FirebaseAuth;
		};
		84A14B762A75AEA500B5F492 /* FirebaseCrashlytics */ = {
			isa = XCSwiftPackageProductDependency;
			package = 84A14B732A75AEA500B5F492 /* XCRemoteSwiftPackageReference "firebase-ios-sdk" */;
			productName = FirebaseCrashlytics;
		};
/* End XCSwiftPackageProductDependency section */
	};
	rootObject = 343B9D9128D3A07C00956373 /* Project object */;
}
