// !$*UTF8*$!
{
	archiveVersion = 1;
	classes = {
	};
	objectVersion = 56;
	objects = {

/* Begin PBXBuildFile section */
		343B9D9D28D3A07C00956373 /* AppDelegate.swift in Sources */ = {isa = PBXBuildFile; fileRef = 343B9D9C28D3A07C00956373 /* AppDelegate.swift */; };
		343B9DA128D3A07C00956373 /* LoginVC.swift in Sources */ = {isa = PBXBuildFile; fileRef = 343B9DA028D3A07C00956373 /* LoginVC.swift */; };
		343B9DA628D3A07E00956373 /* Assets.xcassets in Resources */ = {isa = PBXBuildFile; fileRef = 343B9DA528D3A07E00956373 /* Assets.xcassets */; };
		343B9DB128D3A48A00956373 /* LoginScreen.swift in Sources */ = {isa = PBXBuildFile; fileRef = 343B9DB028D3A48A00956373 /* LoginScreen.swift */; };
		693DFD5185132924CB6BFBBD /* Pods_AppBackFront.framework in Frameworks */ = {isa = PBXBuildFile; fileRef = B257BC94E05849C69D5F5BE2 /* Pods_AppBackFront.framework */; };
		847B836B2AFC6EEC00716CD3 /* NftDescriptionTableViewCellScreen.swift in Sources */ = {isa = PBXBuildFile; fileRef = 847B836A2AFC6EEC00716CD3 /* NftDescriptionTableViewCellScreen.swift */; };
		848434572A76957000544825 /* SceneDelegate.swift in Sources */ = {isa = PBXBuildFile; fileRef = 343B9D9E28D3A07C00956373 /* SceneDelegate.swift */; };
		849873412A8FE6600092247F /* HomeViewModel.swift in Sources */ = {isa = PBXBuildFile; fileRef = 849873402A8FE6600092247F /* HomeViewModel.swift */; };
		849873452A8FE7290092247F /* HomeService.swift in Sources */ = {isa = PBXBuildFile; fileRef = 849873442A8FE7290092247F /* HomeService.swift */; };
		849873472A8FE76D0092247F /* GenericService.swift in Sources */ = {isa = PBXBuildFile; fileRef = 849873462A8FE76D0092247F /* GenericService.swift */; };
		849D4E912AFBE9CA0002AA92 /* NftDescriptionTableViewCell.swift in Sources */ = {isa = PBXBuildFile; fileRef = 849D4E902AFBE9CA0002AA92 /* NftDescriptionTableViewCell.swift */; };
		849DED5A2A8E9EAB00BA8555 /* TabBarVC.swift in Sources */ = {isa = PBXBuildFile; fileRef = 849DED592A8E9EAB00BA8555 /* TabBarVC.swift */; };
		849DED5E2A8E9F5E00BA8555 /* HomeVC.swift in Sources */ = {isa = PBXBuildFile; fileRef = 849DED5D2A8E9F5E00BA8555 /* HomeVC.swift */; };
		84A14B722A75ADD800B5F492 /* GoogleService-Info.plist in Resources */ = {isa = PBXBuildFile; fileRef = 84A14B712A75ADD800B5F492 /* GoogleService-Info.plist */; };
		84A14B752A75AEA500B5F492 /* FirebaseAuth in Frameworks */ = {isa = PBXBuildFile; productRef = 84A14B742A75AEA500B5F492 /* FirebaseAuth */; };
		84A14B772A75AEA500B5F492 /* FirebaseCrashlytics in Frameworks */ = {isa = PBXBuildFile; productRef = 84A14B762A75AEA500B5F492 /* FirebaseCrashlytics */; };
		84A14B7B2A75B10800B5F492 /* UIViewController+Extension.swift in Sources */ = {isa = PBXBuildFile; fileRef = 84A14B7A2A75B10800B5F492 /* UIViewController+Extension.swift */; };
		84A14B7D2A75B4D400B5F492 /* String+Extension.swift in Sources */ = {isa = PBXBuildFile; fileRef = 84A14B7C2A75B4D400B5F492 /* String+Extension.swift */; };
		84A8FA2D2AA789C600290346 /* NftTableViewCell.swift in Sources */ = {isa = PBXBuildFile; fileRef = 84A8FA2C2AA789C600290346 /* NftTableViewCell.swift */; };
		84A8FA302AA78B1A00290346 /* NftTableViewCellScreen.swift in Sources */ = {isa = PBXBuildFile; fileRef = 84A8FA2F2AA78B1A00290346 /* NftTableViewCellScreen.swift */; };
		84AE0A2F2A8AF64300D0B408 /* AlertController.swift in Sources */ = {isa = PBXBuildFile; fileRef = 84AE0A2E2A8AF64300D0B408 /* AlertController.swift */; };
		84AF0FDA2A743F1500536FC7 /* Launch Screen.storyboard in Resources */ = {isa = PBXBuildFile; fileRef = 84AF0FD92A743F1500536FC7 /* Launch Screen.storyboard */; };
		84AFD0392B0C41350022F302 /* ListOffersTableViewCell.swift in Sources */ = {isa = PBXBuildFile; fileRef = 84AFD0382B0C41350022F302 /* ListOffersTableViewCell.swift */; };
		84AFD03C2B0C41ED0022F302 /* ListOffersTableViewCellScreen.swift in Sources */ = {isa = PBXBuildFile; fileRef = 84AFD03B2B0C41ED0022F302 /* ListOffersTableViewCellScreen.swift */; };
		84AFD0402B0C4D760022F302 /* UIView+Extension.swift in Sources */ = {isa = PBXBuildFile; fileRef = 84AFD03F2B0C4D760022F302 /* UIView+Extension.swift */; };
		84B0BF232A91476F00D161E5 /* HomeData.json in Sources */ = {isa = PBXBuildFile; fileRef = 84B0BF222A91476F00D161E5 /* HomeData.json */; };
		84B0BF262A91489300D161E5 /* NFTData.swift in Sources */ = {isa = PBXBuildFile; fileRef = 84B0BF252A91489300D161E5 /* NFTData.swift */; };
		84B23AC22A8F89C6002FDF24 /* HomeScreen.swift in Sources */ = {isa = PBXBuildFile; fileRef = 84B23AC12A8F89C6002FDF24 /* HomeScreen.swift */; };
		84B4A05D2AA4A4D10046CF4C /* NftFilterCollectionViewCell.swift in Sources */ = {isa = PBXBuildFile; fileRef = 84B4A05C2AA4A4D10046CF4C /* NftFilterCollectionViewCell.swift */; };
		84B4A0602AA4A5420046CF4C /* NftFilterCollectionViewCellScreen.swift in Sources */ = {isa = PBXBuildFile; fileRef = 84B4A05F2AA4A5420046CF4C /* NftFilterCollectionViewCellScreen.swift */; };
		84B5BA0F2AFB875E0077C405 /* NftImageTableViewCell.swift in Sources */ = {isa = PBXBuildFile; fileRef = 84B5BA0E2AFB875E0077C405 /* NftImageTableViewCell.swift */; };
		84B5BA122AFB88660077C405 /* NftImageTableViewCellScreen.swift in Sources */ = {isa = PBXBuildFile; fileRef = 84B5BA112AFB88660077C405 /* NftImageTableViewCellScreen.swift */; };
		84B782562AF8EAD100CA571D /* NftDetailVC.swift in Sources */ = {isa = PBXBuildFile; fileRef = 84B782552AF8EAD100CA571D /* NftDetailVC.swift */; };
		84B782592AF8EAF000CA571D /* NftDetailViewModel.swift in Sources */ = {isa = PBXBuildFile; fileRef = 84B782582AF8EAF000CA571D /* NftDetailViewModel.swift */; };
		84B7825C2AF8EB2C00CA571D /* NftDetailScreen.swift in Sources */ = {isa = PBXBuildFile; fileRef = 84B7825B2AF8EB2C00CA571D /* NftDetailScreen.swift */; };
		84BE03B02B0A22E300C0A2A0 /* LatestDealTableViewCell.swift in Sources */ = {isa = PBXBuildFile; fileRef = 84BE03AF2B0A22E300C0A2A0 /* LatestDealTableViewCell.swift */; };
		84BE03B32B0A231C00C0A2A0 /* LatestDealTableViewCellScreen.swift in Sources */ = {isa = PBXBuildFile; fileRef = 84BE03B22B0A231C00C0A2A0 /* LatestDealTableViewCellScreen.swift */; };
		84BE03B62B0A26CE00C0A2A0 /* LatestDealTableViewCellViewModel.swift in Sources */ = {isa = PBXBuildFile; fileRef = 84BE03B52B0A26CE00C0A2A0 /* LatestDealTableViewCellViewModel.swift */; };
/* End PBXBuildFile section */

/* Begin PBXFileReference section */
		343B9D9928D3A07C00956373 /* AppBackFront.app */ = {isa = PBXFileReference; explicitFileType = wrapper.application; includeInIndex = 0; path = AppBackFront.app; sourceTree = BUILT_PRODUCTS_DIR; };
		343B9D9C28D3A07C00956373 /* AppDelegate.swift */ = {isa = PBXFileReference; lastKnownFileType = sourcecode.swift; path = AppDelegate.swift; sourceTree = "<group>"; };
		343B9D9E28D3A07C00956373 /* SceneDelegate.swift */ = {isa = PBXFileReference; lastKnownFileType = sourcecode.swift; path = SceneDelegate.swift; sourceTree = "<group>"; };
		343B9DA028D3A07C00956373 /* LoginVC.swift */ = {isa = PBXFileReference; lastKnownFileType = sourcecode.swift; path = LoginVC.swift; sourceTree = "<group>"; };
		343B9DA528D3A07E00956373 /* Assets.xcassets */ = {isa = PBXFileReference; lastKnownFileType = folder.assetcatalog; path = Assets.xcassets; sourceTree = "<group>"; };
		343B9DAA28D3A07E00956373 /* Info.plist */ = {isa = PBXFileReference; lastKnownFileType = text.plist.xml; path = Info.plist; sourceTree = "<group>"; };
		343B9DB028D3A48A00956373 /* LoginScreen.swift */ = {isa = PBXFileReference; lastKnownFileType = sourcecode.swift; path = LoginScreen.swift; sourceTree = "<group>"; };
		847B836A2AFC6EEC00716CD3 /* NftDescriptionTableViewCellScreen.swift */ = {isa = PBXFileReference; lastKnownFileType = sourcecode.swift; path = NftDescriptionTableViewCellScreen.swift; sourceTree = "<group>"; };
		849873402A8FE6600092247F /* HomeViewModel.swift */ = {isa = PBXFileReference; lastKnownFileType = sourcecode.swift; path = HomeViewModel.swift; sourceTree = "<group>"; };
		849873442A8FE7290092247F /* HomeService.swift */ = {isa = PBXFileReference; lastKnownFileType = sourcecode.swift; path = HomeService.swift; sourceTree = "<group>"; };
		849873462A8FE76D0092247F /* GenericService.swift */ = {isa = PBXFileReference; lastKnownFileType = sourcecode.swift; path = GenericService.swift; sourceTree = "<group>"; };
		849D4E902AFBE9CA0002AA92 /* NftDescriptionTableViewCell.swift */ = {isa = PBXFileReference; lastKnownFileType = sourcecode.swift; path = NftDescriptionTableViewCell.swift; sourceTree = "<group>"; };
		849DED592A8E9EAB00BA8555 /* TabBarVC.swift */ = {isa = PBXFileReference; lastKnownFileType = sourcecode.swift; path = TabBarVC.swift; sourceTree = "<group>"; };
		849DED5D2A8E9F5E00BA8555 /* HomeVC.swift */ = {isa = PBXFileReference; lastKnownFileType = sourcecode.swift; path = HomeVC.swift; sourceTree = "<group>"; };
		84A14B712A75ADD800B5F492 /* GoogleService-Info.plist */ = {isa = PBXFileReference; fileEncoding = 4; lastKnownFileType = text.plist.xml; path = "GoogleService-Info.plist"; sourceTree = "<group>"; };
		84A14B7A2A75B10800B5F492 /* UIViewController+Extension.swift */ = {isa = PBXFileReference; lastKnownFileType = sourcecode.swift; path = "UIViewController+Extension.swift"; sourceTree = "<group>"; };
		84A14B7C2A75B4D400B5F492 /* String+Extension.swift */ = {isa = PBXFileReference; lastKnownFileType = sourcecode.swift; path = "String+Extension.swift"; sourceTree = "<group>"; };
		84A8FA2C2AA789C600290346 /* NftTableViewCell.swift */ = {isa = PBXFileReference; lastKnownFileType = sourcecode.swift; path = NftTableViewCell.swift; sourceTree = "<group>"; };
		84A8FA2F2AA78B1A00290346 /* NftTableViewCellScreen.swift */ = {isa = PBXFileReference; lastKnownFileType = sourcecode.swift; path = NftTableViewCellScreen.swift; sourceTree = "<group>"; };
		84AE0A2E2A8AF64300D0B408 /* AlertController.swift */ = {isa = PBXFileReference; lastKnownFileType = sourcecode.swift; path = AlertController.swift; sourceTree = "<group>"; };
		84AF0FD92A743F1500536FC7 /* Launch Screen.storyboard */ = {isa = PBXFileReference; lastKnownFileType = file.storyboard; path = "Launch Screen.storyboard"; sourceTree = "<group>"; };
		84AFD0382B0C41350022F302 /* ListOffersTableViewCell.swift */ = {isa = PBXFileReference; lastKnownFileType = sourcecode.swift; path = ListOffersTableViewCell.swift; sourceTree = "<group>"; };
		84AFD03B2B0C41ED0022F302 /* ListOffersTableViewCellScreen.swift */ = {isa = PBXFileReference; lastKnownFileType = sourcecode.swift; path = ListOffersTableViewCellScreen.swift; sourceTree = "<group>"; };
		84AFD03F2B0C4D760022F302 /* UIView+Extension.swift */ = {isa = PBXFileReference; lastKnownFileType = sourcecode.swift; path = "UIView+Extension.swift"; sourceTree = "<group>"; };
		84B0BF222A91476F00D161E5 /* HomeData.json */ = {isa = PBXFileReference; lastKnownFileType = text.json; path = HomeData.json; sourceTree = "<group>"; };
		84B0BF252A91489300D161E5 /* NFTData.swift */ = {isa = PBXFileReference; lastKnownFileType = sourcecode.swift; path = NFTData.swift; sourceTree = "<group>"; };
		84B23AC12A8F89C6002FDF24 /* HomeScreen.swift */ = {isa = PBXFileReference; lastKnownFileType = sourcecode.swift; path = HomeScreen.swift; sourceTree = "<group>"; };
		84B4A05C2AA4A4D10046CF4C /* NftFilterCollectionViewCell.swift */ = {isa = PBXFileReference; lastKnownFileType = sourcecode.swift; path = NftFilterCollectionViewCell.swift; sourceTree = "<group>"; };
		84B4A05F2AA4A5420046CF4C /* NftFilterCollectionViewCellScreen.swift */ = {isa = PBXFileReference; lastKnownFileType = sourcecode.swift; path = NftFilterCollectionViewCellScreen.swift; sourceTree = "<group>"; };
		84B5BA0E2AFB875E0077C405 /* NftImageTableViewCell.swift */ = {isa = PBXFileReference; lastKnownFileType = sourcecode.swift; path = NftImageTableViewCell.swift; sourceTree = "<group>"; };
		84B5BA112AFB88660077C405 /* NftImageTableViewCellScreen.swift */ = {isa = PBXFileReference; lastKnownFileType = sourcecode.swift; path = NftImageTableViewCellScreen.swift; sourceTree = "<group>"; };
		84B782552AF8EAD100CA571D /* NftDetailVC.swift */ = {isa = PBXFileReference; lastKnownFileType = sourcecode.swift; path = NftDetailVC.swift; sourceTree = "<group>"; };
		84B782582AF8EAF000CA571D /* NftDetailViewModel.swift */ = {isa = PBXFileReference; lastKnownFileType = sourcecode.swift; path = NftDetailViewModel.swift; sourceTree = "<group>"; };
		84B7825B2AF8EB2C00CA571D /* NftDetailScreen.swift */ = {isa = PBXFileReference; lastKnownFileType = sourcecode.swift; path = NftDetailScreen.swift; sourceTree = "<group>"; };
		84BE03AF2B0A22E300C0A2A0 /* LatestDealTableViewCell.swift */ = {isa = PBXFileReference; lastKnownFileType = sourcecode.swift; path = LatestDealTableViewCell.swift; sourceTree = "<group>"; };
		84BE03B22B0A231C00C0A2A0 /* LatestDealTableViewCellScreen.swift */ = {isa = PBXFileReference; lastKnownFileType = sourcecode.swift; path = LatestDealTableViewCellScreen.swift; sourceTree = "<group>"; };
		84BE03B52B0A26CE00C0A2A0 /* LatestDealTableViewCellViewModel.swift */ = {isa = PBXFileReference; lastKnownFileType = sourcecode.swift; path = LatestDealTableViewCellViewModel.swift; sourceTree = "<group>"; };
		84E513B53CE1EEFE5012C40F /* Pods-AppBackFront.release.xcconfig */ = {isa = PBXFileReference; includeInIndex = 1; lastKnownFileType = text.xcconfig; name = "Pods-AppBackFront.release.xcconfig"; path = "Target Support Files/Pods-AppBackFront/Pods-AppBackFront.release.xcconfig"; sourceTree = "<group>"; };
		B257BC94E05849C69D5F5BE2 /* Pods_AppBackFront.framework */ = {isa = PBXFileReference; explicitFileType = wrapper.framework; includeInIndex = 0; path = Pods_AppBackFront.framework; sourceTree = BUILT_PRODUCTS_DIR; };
		E65C2E51390B0508842A2B41 /* Pods-AppBackFront.debug.xcconfig */ = {isa = PBXFileReference; includeInIndex = 1; lastKnownFileType = text.xcconfig; name = "Pods-AppBackFront.debug.xcconfig"; path = "Target Support Files/Pods-AppBackFront/Pods-AppBackFront.debug.xcconfig"; sourceTree = "<group>"; };
/* End PBXFileReference section */

/* Begin PBXFrameworksBuildPhase section */
		343B9D9628D3A07C00956373 /* Frameworks */ = {
			isa = PBXFrameworksBuildPhase;
			buildActionMask = 2147483647;
			files = (
				84A14B752A75AEA500B5F492 /* FirebaseAuth in Frameworks */,
				84A14B772A75AEA500B5F492 /* FirebaseCrashlytics in Frameworks */,
				693DFD5185132924CB6BFBBD /* Pods_AppBackFront.framework in Frameworks */,
			);
			runOnlyForDeploymentPostprocessing = 0;
		};
/* End PBXFrameworksBuildPhase section */

/* Begin PBXGroup section */
		1B469D67EBB0266E5613AABA /* Frameworks */ = {
			isa = PBXGroup;
			children = (
				B257BC94E05849C69D5F5BE2 /* Pods_AppBackFront.framework */,
			);
			name = Frameworks;
			sourceTree = "<group>";
		};
		343B9D9028D3A07C00956373 = {
			isa = PBXGroup;
			children = (
				343B9D9B28D3A07C00956373 /* AppBackFront */,
				343B9D9A28D3A07C00956373 /* Products */,
				54B2D71F10D7FB6740C85763 /* Pods */,
				1B469D67EBB0266E5613AABA /* Frameworks */,
			);
			sourceTree = "<group>";
		};
		343B9D9A28D3A07C00956373 /* Products */ = {
			isa = PBXGroup;
			children = (
				343B9D9928D3A07C00956373 /* AppBackFront.app */,
			);
			name = Products;
			sourceTree = "<group>";
		};
		343B9D9B28D3A07C00956373 /* AppBackFront */ = {
			isa = PBXGroup;
			children = (
				84B0BF242A91488300D161E5 /* Model */,
				84B0BF1F2A9146C100D161E5 /* Json */,
				849873422A8FE7000092247F /* Service */,
				849DED5B2A8E9EF600BA8555 /* Feature */,
				849DED582A8E9E1E00BA8555 /* TabBarController */,
				84AE0A2D2A8AF62F00D0B408 /* Alert */,
				84A14B782A75B0D300B5F492 /* Utils */,
				343B9D9C28D3A07C00956373 /* AppDelegate.swift */,
				343B9D9E28D3A07C00956373 /* SceneDelegate.swift */,
				343B9DA528D3A07E00956373 /* Assets.xcassets */,
				84AF0FD92A743F1500536FC7 /* Launch Screen.storyboard */,
				84A14B712A75ADD800B5F492 /* GoogleService-Info.plist */,
				343B9DAA28D3A07E00956373 /* Info.plist */,
			);
			path = AppBackFront;
			sourceTree = "<group>";
		};
		54B2D71F10D7FB6740C85763 /* Pods */ = {
			isa = PBXGroup;
			children = (
				E65C2E51390B0508842A2B41 /* Pods-AppBackFront.debug.xcconfig */,
				84E513B53CE1EEFE5012C40F /* Pods-AppBackFront.release.xcconfig */,
			);
			path = Pods;
			sourceTree = "<group>";
		};
		84353C6C2A74417C00F1D22C /* Login */ = {
			isa = PBXGroup;
			children = (
				343B9DA028D3A07C00956373 /* LoginVC.swift */,
				84353C6D2A74418A00F1D22C /* Screen */,
			);
			path = Login;
			sourceTree = "<group>";
		};
		84353C6D2A74418A00F1D22C /* Screen */ = {
			isa = PBXGroup;
			children = (
				343B9DB028D3A48A00956373 /* LoginScreen.swift */,
			);
			path = Screen;
			sourceTree = "<group>";
		};
		847B83692AFC6EC200716CD3 /* Screen */ = {
			isa = PBXGroup;
			children = (
				847B836A2AFC6EEC00716CD3 /* NftDescriptionTableViewCellScreen.swift */,
			);
			path = Screen;
			sourceTree = "<group>";
		};
		849873422A8FE7000092247F /* Service */ = {
			isa = PBXGroup;
			children = (
				849873432A8FE7180092247F /* HomeService */,
				849873462A8FE76D0092247F /* GenericService.swift */,
			);
			path = Service;
			sourceTree = "<group>";
		};
		849873432A8FE7180092247F /* HomeService */ = {
			isa = PBXGroup;
			children = (
				849873442A8FE7290092247F /* HomeService.swift */,
			);
			path = HomeService;
			sourceTree = "<group>";
		};
		849D4E8F2AFBE97A0002AA92 /* NftDescriptionTableViewCell */ = {
			isa = PBXGroup;
			children = (
				847B83692AFC6EC200716CD3 /* Screen */,
				849D4E902AFBE9CA0002AA92 /* NftDescriptionTableViewCell.swift */,
			);
			path = NftDescriptionTableViewCell;
			sourceTree = "<group>";
		};
		849DED582A8E9E1E00BA8555 /* TabBarController */ = {
			isa = PBXGroup;
			children = (
				849DED592A8E9EAB00BA8555 /* TabBarVC.swift */,
			);
			path = TabBarController;
			sourceTree = "<group>";
		};
		849DED5B2A8E9EF600BA8555 /* Feature */ = {
			isa = PBXGroup;
			children = (
				84B782542AF8EAB500CA571D /* NftDetail */,
				84B4A05A2AA4A4A80046CF4C /* Cells */,
				849DED5C2A8E9F1A00BA8555 /* Home */,
				84353C6C2A74417C00F1D22C /* Login */,
			);
			path = Feature;
			sourceTree = "<group>";
		};
		849DED5C2A8E9F1A00BA8555 /* Home */ = {
			isa = PBXGroup;
			children = (
				84B23AC32A8F9AF5002FDF24 /* ViewModel */,
				84B23AC02A8F89B2002FDF24 /* Screen */,
				849DED5D2A8E9F5E00BA8555 /* HomeVC.swift */,
			);
			path = Home;
			sourceTree = "<group>";
		};
		84A14B782A75B0D300B5F492 /* Utils */ = {
			isa = PBXGroup;
			children = (
				84A14B792A75B0DD00B5F492 /* Extension */,
			);
			path = Utils;
			sourceTree = "<group>";
		};
		84A14B792A75B0DD00B5F492 /* Extension */ = {
			isa = PBXGroup;
			children = (
				84A14B7A2A75B10800B5F492 /* UIViewController+Extension.swift */,
				84A14B7C2A75B4D400B5F492 /* String+Extension.swift */,
				84AFD03F2B0C4D760022F302 /* UIView+Extension.swift */,
			);
			path = Extension;
			sourceTree = "<group>";
		};
		84A8FA2B2AA7897300290346 /* NFTTableviewCell */ = {
			isa = PBXGroup;
			children = (
				84A8FA2E2AA78AFE00290346 /* Screen */,
				84A8FA2C2AA789C600290346 /* NftTableViewCell.swift */,
			);
			path = NFTTableviewCell;
			sourceTree = "<group>";
		};
		84A8FA2E2AA78AFE00290346 /* Screen */ = {
			isa = PBXGroup;
			children = (
				84A8FA2F2AA78B1A00290346 /* NftTableViewCellScreen.swift */,
			);
			path = Screen;
			sourceTree = "<group>";
		};
		84AE0A2D2A8AF62F00D0B408 /* Alert */ = {
			isa = PBXGroup;
			children = (
				84AE0A2E2A8AF64300D0B408 /* AlertController.swift */,
			);
			path = Alert;
			sourceTree = "<group>";
		};
		84AFD0372B0C410D0022F302 /* listOffersTableViewCell */ = {
			isa = PBXGroup;
			children = (
				84AFD03A2B0C41D40022F302 /* Screen */,
				84AFD0382B0C41350022F302 /* ListOffersTableViewCell.swift */,
			);
			path = listOffersTableViewCell;
			sourceTree = "<group>";
		};
		84AFD03A2B0C41D40022F302 /* Screen */ = {
			isa = PBXGroup;
			children = (
				84AFD03B2B0C41ED0022F302 /* ListOffersTableViewCellScreen.swift */,
			);
			path = Screen;
			sourceTree = "<group>";
		};
		84B0BF1F2A9146C100D161E5 /* Json */ = {
			isa = PBXGroup;
			children = (
				84B0BF222A91476F00D161E5 /* HomeData.json */,
			);
			path = Json;
			sourceTree = "<group>";
		};
		84B0BF242A91488300D161E5 /* Model */ = {
			isa = PBXGroup;
			children = (
				84B0BF252A91489300D161E5 /* NFTData.swift */,
			);
			path = Model;
			sourceTree = "<group>";
		};
		84B23AC02A8F89B2002FDF24 /* Screen */ = {
			isa = PBXGroup;
			children = (
				84B23AC12A8F89C6002FDF24 /* HomeScreen.swift */,
			);
			path = Screen;
			sourceTree = "<group>";
		};
		84B23AC32A8F9AF5002FDF24 /* ViewModel */ = {
			isa = PBXGroup;
			children = (
				849873402A8FE6600092247F /* HomeViewModel.swift */,
			);
			path = ViewModel;
			sourceTree = "<group>";
		};
		84B4A05A2AA4A4A80046CF4C /* Cells */ = {
			isa = PBXGroup;
			children = (
				84AFD0372B0C410D0022F302 /* listOffersTableViewCell */,
				84BE03AE2B0A229200C0A2A0 /* LatestDealTableViewCell */,
				849D4E8F2AFBE97A0002AA92 /* NftDescriptionTableViewCell */,
				84B5BA0D2AFB87380077C405 /* NftImageTableViewCell */,
				84A8FA2B2AA7897300290346 /* NFTTableviewCell */,
				84B4A05B2AA4A4B10046CF4C /* NftFilterCollectionViewCell */,
			);
			path = Cells;
			sourceTree = "<group>";
		};
		84B4A05B2AA4A4B10046CF4C /* NftFilterCollectionViewCell */ = {
			isa = PBXGroup;
			children = (
				84B4A05E2AA4A5120046CF4C /* Screen */,
				84B4A05C2AA4A4D10046CF4C /* NftFilterCollectionViewCell.swift */,
			);
			path = NftFilterCollectionViewCell;
			sourceTree = "<group>";
		};
		84B4A05E2AA4A5120046CF4C /* Screen */ = {
			isa = PBXGroup;
			children = (
				84B4A05F2AA4A5420046CF4C /* NftFilterCollectionViewCellScreen.swift */,
			);
			path = Screen;
			sourceTree = "<group>";
		};
		84B5BA0D2AFB87380077C405 /* NftImageTableViewCell */ = {
			isa = PBXGroup;
			children = (
				84B5BA102AFB884D0077C405 /* Screen */,
				84B5BA0E2AFB875E0077C405 /* NftImageTableViewCell.swift */,
			);
			path = NftImageTableViewCell;
			sourceTree = "<group>";
		};
		84B5BA102AFB884D0077C405 /* Screen */ = {
			isa = PBXGroup;
			children = (
				84B5BA112AFB88660077C405 /* NftImageTableViewCellScreen.swift */,
			);
			path = Screen;
			sourceTree = "<group>";
		};
		84B782542AF8EAB500CA571D /* NftDetail */ = {
			isa = PBXGroup;
			children = (
				84B7825A2AF8EAF400CA571D /* Screen */,
				84B782572AF8EADC00CA571D /* ViewModel */,
				84B782552AF8EAD100CA571D /* NftDetailVC.swift */,
			);
			path = NftDetail;
			sourceTree = "<group>";
		};
		84B782572AF8EADC00CA571D /* ViewModel */ = {
			isa = PBXGroup;
			children = (
				84B782582AF8EAF000CA571D /* NftDetailViewModel.swift */,
			);
			path = ViewModel;
			sourceTree = "<group>";
		};
		84B7825A2AF8EAF400CA571D /* Screen */ = {
			isa = PBXGroup;
			children = (
				84B7825B2AF8EB2C00CA571D /* NftDetailScreen.swift */,
			);
			path = Screen;
			sourceTree = "<group>";
		};
		84BE03AE2B0A229200C0A2A0 /* LatestDealTableViewCell */ = {
			isa = PBXGroup;
			children = (
				84BE03B42B0A26A600C0A2A0 /* LatestDealTableViewCellViewModel */,
				84BE03B12B0A22F300C0A2A0 /* Screen */,
				84BE03AF2B0A22E300C0A2A0 /* LatestDealTableViewCell.swift */,
			);
			path = LatestDealTableViewCell;
			sourceTree = "<group>";
		};
		84BE03B12B0A22F300C0A2A0 /* Screen */ = {
			isa = PBXGroup;
			children = (
				84BE03B22B0A231C00C0A2A0 /* LatestDealTableViewCellScreen.swift */,
			);
			path = Screen;
			sourceTree = "<group>";
		};
		84BE03B42B0A26A600C0A2A0 /* LatestDealTableViewCellViewModel */ = {
			isa = PBXGroup;
			children = (
				84BE03B52B0A26CE00C0A2A0 /* LatestDealTableViewCellViewModel.swift */,
			);
			path = LatestDealTableViewCellViewModel;
			sourceTree = "<group>";
		};
/* End PBXGroup section */

/* Begin PBXNativeTarget section */
		343B9D9828D3A07C00956373 /* AppBackFront */ = {
			isa = PBXNativeTarget;
			buildConfigurationList = 343B9DAD28D3A07E00956373 /* Build configuration list for PBXNativeTarget "AppBackFront" */;
			buildPhases = (
				C757891F2322C02F62F152DC /* [CP] Check Pods Manifest.lock */,
				343B9D9528D3A07C00956373 /* Sources */,
				343B9D9628D3A07C00956373 /* Frameworks */,
				343B9D9728D3A07C00956373 /* Resources */,
				09CE4E5956D712898E419BE2 /* [CP] Embed Pods Frameworks */,
			);
			buildRules = (
			);
			dependencies = (
			);
			name = AppBackFront;
			packageProductDependencies = (
				84A14B742A75AEA500B5F492 /* FirebaseAuth */,
				84A14B762A75AEA500B5F492 /* FirebaseCrashlytics */,
			);
			productName = AppBackFront;
			productReference = 343B9D9928D3A07C00956373 /* AppBackFront.app */;
			productType = "com.apple.product-type.application";
		};
/* End PBXNativeTarget section */

/* Begin PBXProject section */
		343B9D9128D3A07C00956373 /* Project object */ = {
			isa = PBXProject;
			attributes = {
				BuildIndependentTargetsInParallel = 1;
				LastSwiftUpdateCheck = 1400;
				LastUpgradeCheck = 1400;
				TargetAttributes = {
					343B9D9828D3A07C00956373 = {
						CreatedOnToolsVersion = 14.0;
					};
				};
			};
			buildConfigurationList = 343B9D9428D3A07C00956373 /* Build configuration list for PBXProject "AppBackFront" */;
			compatibilityVersion = "Xcode 14.0";
			developmentRegion = en;
			hasScannedForEncodings = 0;
			knownRegions = (
				en,
				Base,
			);
			mainGroup = 343B9D9028D3A07C00956373;
			packageReferences = (
				84A14B732A75AEA500B5F492 /* XCRemoteSwiftPackageReference "firebase-ios-sdk" */,
			);
			productRefGroup = 343B9D9A28D3A07C00956373 /* Products */;
			projectDirPath = "";
			projectRoot = "";
			targets = (
				343B9D9828D3A07C00956373 /* AppBackFront */,
			);
		};
/* End PBXProject section */

/* Begin PBXResourcesBuildPhase section */
		343B9D9728D3A07C00956373 /* Resources */ = {
			isa = PBXResourcesBuildPhase;
			buildActionMask = 2147483647;
			files = (
				84AF0FDA2A743F1500536FC7 /* Launch Screen.storyboard in Resources */,
				343B9DA628D3A07E00956373 /* Assets.xcassets in Resources */,
				84A14B722A75ADD800B5F492 /* GoogleService-Info.plist in Resources */,
			);
			runOnlyForDeploymentPostprocessing = 0;
		};
/* End PBXResourcesBuildPhase section */

/* Begin PBXShellScriptBuildPhase section */
		09CE4E5956D712898E419BE2 /* [CP] Embed Pods Frameworks */ = {
			isa = PBXShellScriptBuildPhase;
			buildActionMask = 2147483647;
			files = (
			);
			inputFileListPaths = (
				"${PODS_ROOT}/Target Support Files/Pods-AppBackFront/Pods-AppBackFront-frameworks-${CONFIGURATION}-input-files.xcfilelist",
			);
			name = "[CP] Embed Pods Frameworks";
			outputFileListPaths = (
				"${PODS_ROOT}/Target Support Files/Pods-AppBackFront/Pods-AppBackFront-frameworks-${CONFIGURATION}-output-files.xcfilelist",
			);
			runOnlyForDeploymentPostprocessing = 0;
			shellPath = /bin/sh;
			shellScript = "\"${PODS_ROOT}/Target Support Files/Pods-AppBackFront/Pods-AppBackFront-frameworks.sh\"\n";
			showEnvVarsInLog = 0;
		};
		C757891F2322C02F62F152DC /* [CP] Check Pods Manifest.lock */ = {
			isa = PBXShellScriptBuildPhase;
			buildActionMask = 2147483647;
			files = (
			);
			inputFileListPaths = (
			);
			inputPaths = (
				"${PODS_PODFILE_DIR_PATH}/Podfile.lock",
				"${PODS_ROOT}/Manifest.lock",
			);
			name = "[CP] Check Pods Manifest.lock";
			outputFileListPaths = (
			);
			outputPaths = (
				"$(DERIVED_FILE_DIR)/Pods-AppBackFront-checkManifestLockResult.txt",
			);
			runOnlyForDeploymentPostprocessing = 0;
			shellPath = /bin/sh;
			shellScript = "diff \"${PODS_PODFILE_DIR_PATH}/Podfile.lock\" \"${PODS_ROOT}/Manifest.lock\" > /dev/null\nif [ $? != 0 ] ; then\n    # print error to STDERR\n    echo \"error: The sandbox is not in sync with the Podfile.lock. Run 'pod install' or update your CocoaPods installation.\" >&2\n    exit 1\nfi\n# This output is used by Xcode 'outputs' to avoid re-running this script phase.\necho \"SUCCESS\" > \"${SCRIPT_OUTPUT_FILE_0}\"\n";
			showEnvVarsInLog = 0;
		};
/* End PBXShellScriptBuildPhase section */

/* Begin PBXSourcesBuildPhase section */
		343B9D9528D3A07C00956373 /* Sources */ = {
			isa = PBXSourcesBuildPhase;
			buildActionMask = 2147483647;
			files = (
				343B9DA128D3A07C00956373 /* LoginVC.swift in Sources */,
				849873412A8FE6600092247F /* HomeViewModel.swift in Sources */,
				343B9DB128D3A48A00956373 /* LoginScreen.swift in Sources */,
				84B4A05D2AA4A4D10046CF4C /* NftFilterCollectionViewCell.swift in Sources */,
				343B9D9D28D3A07C00956373 /* AppDelegate.swift in Sources */,
				847B836B2AFC6EEC00716CD3 /* NftDescriptionTableViewCellScreen.swift in Sources */,
				84B0BF232A91476F00D161E5 /* HomeData.json in Sources */,
				84B5BA122AFB88660077C405 /* NftImageTableViewCellScreen.swift in Sources */,
				849DED5E2A8E9F5E00BA8555 /* HomeVC.swift in Sources */,
				84A14B7B2A75B10800B5F492 /* UIViewController+Extension.swift in Sources */,
				84A8FA302AA78B1A00290346 /* NftTableViewCellScreen.swift in Sources */,
				849873472A8FE76D0092247F /* GenericService.swift in Sources */,
				84AFD03C2B0C41ED0022F302 /* ListOffersTableViewCellScreen.swift in Sources */,
				849873452A8FE7290092247F /* HomeService.swift in Sources */,
				84B7825C2AF8EB2C00CA571D /* NftDetailScreen.swift in Sources */,
				84A8FA2D2AA789C600290346 /* NftTableViewCell.swift in Sources */,
				84B0BF262A91489300D161E5 /* NFTData.swift in Sources */,
				84B5BA0F2AFB875E0077C405 /* NftImageTableViewCell.swift in Sources */,
				84AFD0402B0C4D760022F302 /* UIView+Extension.swift in Sources */,
				849D4E912AFBE9CA0002AA92 /* NftDescriptionTableViewCell.swift in Sources */,
				84B4A0602AA4A5420046CF4C /* NftFilterCollectionViewCellScreen.swift in Sources */,
				84BE03B32B0A231C00C0A2A0 /* LatestDealTableViewCellScreen.swift in Sources */,
				84AFD0392B0C41350022F302 /* ListOffersTableViewCell.swift in Sources */,
				84BE03B62B0A26CE00C0A2A0 /* LatestDealTableViewCellViewModel.swift in Sources */,
				84B782592AF8EAF000CA571D /* NftDetailViewModel.swift in Sources */,
				84AE0A2F2A8AF64300D0B408 /* AlertController.swift in Sources */,
				84B23AC22A8F89C6002FDF24 /* HomeScreen.swift in Sources */,
				84BE03B02B0A22E300C0A2A0 /* LatestDealTableViewCell.swift in Sources */,
				84B782562AF8EAD100CA571D /* NftDetailVC.swift in Sources */,
				84A14B7D2A75B4D400B5F492 /* String+Extension.swift in Sources */,
				849DED5A2A8E9EAB00BA8555 /* TabBarVC.swift in Sources */,
				848434572A76957000544825 /* SceneDelegate.swift in Sources */,
			);
			runOnlyForDeploymentPostprocessing = 0;
		};
/* End PBXSourcesBuildPhase section */

/* Begin XCBuildConfiguration section */
		343B9DAB28D3A07E00956373 /* Debug */ = {
			isa = XCBuildConfiguration;
			buildSettings = {
				ALWAYS_SEARCH_USER_PATHS = NO;
				CLANG_ANALYZER_NONNULL = YES;
				CLANG_ANALYZER_NUMBER_OBJECT_CONVERSION = YES_AGGRESSIVE;
				CLANG_CXX_LANGUAGE_STANDARD = "gnu++20";
				CLANG_ENABLE_MODULES = YES;
				CLANG_ENABLE_OBJC_ARC = YES;
				CLANG_ENABLE_OBJC_WEAK = YES;
				CLANG_WARN_BLOCK_CAPTURE_AUTORELEASING = YES;
				CLANG_WARN_BOOL_CONVERSION = YES;
				CLANG_WARN_COMMA = YES;
				CLANG_WARN_CONSTANT_CONVERSION = YES;
				CLANG_WARN_DEPRECATED_OBJC_IMPLEMENTATIONS = YES;
				CLANG_WARN_DIRECT_OBJC_ISA_USAGE = YES_ERROR;
				CLANG_WARN_DOCUMENTATION_COMMENTS = YES;
				CLANG_WARN_EMPTY_BODY = YES;
				CLANG_WARN_ENUM_CONVERSION = YES;
				CLANG_WARN_INFINITE_RECURSION = YES;
				CLANG_WARN_INT_CONVERSION = YES;
				CLANG_WARN_NON_LITERAL_NULL_CONVERSION = YES;
				CLANG_WARN_OBJC_IMPLICIT_RETAIN_SELF = YES;
				CLANG_WARN_OBJC_LITERAL_CONVERSION = YES;
				CLANG_WARN_OBJC_ROOT_CLASS = YES_ERROR;
				CLANG_WARN_QUOTED_INCLUDE_IN_FRAMEWORK_HEADER = YES;
				CLANG_WARN_RANGE_LOOP_ANALYSIS = YES;
				CLANG_WARN_STRICT_PROTOTYPES = YES;
				CLANG_WARN_SUSPICIOUS_MOVE = YES;
				CLANG_WARN_UNGUARDED_AVAILABILITY = YES_AGGRESSIVE;
				CLANG_WARN_UNREACHABLE_CODE = YES;
				CLANG_WARN__DUPLICATE_METHOD_MATCH = YES;
				COPY_PHASE_STRIP = NO;
				DEBUG_INFORMATION_FORMAT = dwarf;
				ENABLE_STRICT_OBJC_MSGSEND = YES;
				ENABLE_TESTABILITY = YES;
				GCC_C_LANGUAGE_STANDARD = gnu11;
				GCC_DYNAMIC_NO_PIC = NO;
				GCC_NO_COMMON_BLOCKS = YES;
				GCC_OPTIMIZATION_LEVEL = 0;
				GCC_PREPROCESSOR_DEFINITIONS = (
					"DEBUG=1",
					"$(inherited)",
				);
				GCC_WARN_64_TO_32_BIT_CONVERSION = YES;
				GCC_WARN_ABOUT_RETURN_TYPE = YES_ERROR;
				GCC_WARN_UNDECLARED_SELECTOR = YES;
				GCC_WARN_UNINITIALIZED_AUTOS = YES_AGGRESSIVE;
				GCC_WARN_UNUSED_FUNCTION = YES;
				GCC_WARN_UNUSED_VARIABLE = YES;
				IPHONEOS_DEPLOYMENT_TARGET = 16.0;
				MTL_ENABLE_DEBUG_INFO = INCLUDE_SOURCE;
				MTL_FAST_MATH = YES;
				ONLY_ACTIVE_ARCH = YES;
				SDKROOT = iphoneos;
				SWIFT_ACTIVE_COMPILATION_CONDITIONS = DEBUG;
				SWIFT_OPTIMIZATION_LEVEL = "-Onone";
			};
			name = Debug;
		};
		343B9DAC28D3A07E00956373 /* Release */ = {
			isa = XCBuildConfiguration;
			buildSettings = {
				ALWAYS_SEARCH_USER_PATHS = NO;
				CLANG_ANALYZER_NONNULL = YES;
				CLANG_ANALYZER_NUMBER_OBJECT_CONVERSION = YES_AGGRESSIVE;
				CLANG_CXX_LANGUAGE_STANDARD = "gnu++20";
				CLANG_ENABLE_MODULES = YES;
				CLANG_ENABLE_OBJC_ARC = YES;
				CLANG_ENABLE_OBJC_WEAK = YES;
				CLANG_WARN_BLOCK_CAPTURE_AUTORELEASING = YES;
				CLANG_WARN_BOOL_CONVERSION = YES;
				CLANG_WARN_COMMA = YES;
				CLANG_WARN_CONSTANT_CONVERSION = YES;
				CLANG_WARN_DEPRECATED_OBJC_IMPLEMENTATIONS = YES;
				CLANG_WARN_DIRECT_OBJC_ISA_USAGE = YES_ERROR;
				CLANG_WARN_DOCUMENTATION_COMMENTS = YES;
				CLANG_WARN_EMPTY_BODY = YES;
				CLANG_WARN_ENUM_CONVERSION = YES;
				CLANG_WARN_INFINITE_RECURSION = YES;
				CLANG_WARN_INT_CONVERSION = YES;
				CLANG_WARN_NON_LITERAL_NULL_CONVERSION = YES;
				CLANG_WARN_OBJC_IMPLICIT_RETAIN_SELF = YES;
				CLANG_WARN_OBJC_LITERAL_CONVERSION = YES;
				CLANG_WARN_OBJC_ROOT_CLASS = YES_ERROR;
				CLANG_WARN_QUOTED_INCLUDE_IN_FRAMEWORK_HEADER = YES;
				CLANG_WARN_RANGE_LOOP_ANALYSIS = YES;
				CLANG_WARN_STRICT_PROTOTYPES = YES;
				CLANG_WARN_SUSPICIOUS_MOVE = YES;
				CLANG_WARN_UNGUARDED_AVAILABILITY = YES_AGGRESSIVE;
				CLANG_WARN_UNREACHABLE_CODE = YES;
				CLANG_WARN__DUPLICATE_METHOD_MATCH = YES;
				COPY_PHASE_STRIP = NO;
				DEBUG_INFORMATION_FORMAT = "dwarf-with-dsym";
				ENABLE_NS_ASSERTIONS = NO;
				ENABLE_STRICT_OBJC_MSGSEND = YES;
				GCC_C_LANGUAGE_STANDARD = gnu11;
				GCC_NO_COMMON_BLOCKS = YES;
				GCC_WARN_64_TO_32_BIT_CONVERSION = YES;
				GCC_WARN_ABOUT_RETURN_TYPE = YES_ERROR;
				GCC_WARN_UNDECLARED_SELECTOR = YES;
				GCC_WARN_UNINITIALIZED_AUTOS = YES_AGGRESSIVE;
				GCC_WARN_UNUSED_FUNCTION = YES;
				GCC_WARN_UNUSED_VARIABLE = YES;
				IPHONEOS_DEPLOYMENT_TARGET = 16.0;
				MTL_ENABLE_DEBUG_INFO = NO;
				MTL_FAST_MATH = YES;
				SDKROOT = iphoneos;
				SWIFT_COMPILATION_MODE = wholemodule;
				SWIFT_OPTIMIZATION_LEVEL = "-O";
				VALIDATE_PRODUCT = YES;
			};
			name = Release;
		};
		343B9DAE28D3A07E00956373 /* Debug */ = {
			isa = XCBuildConfiguration;
			baseConfigurationReference = E65C2E51390B0508842A2B41 /* Pods-AppBackFront.debug.xcconfig */;
			buildSettings = {
				ASSETCATALOG_COMPILER_APPICON_NAME = AppIcon;
				ASSETCATALOG_COMPILER_GLOBAL_ACCENT_COLOR_NAME = AccentColor;
				CODE_SIGN_STYLE = Automatic;
				CURRENT_PROJECT_VERSION = 1;
				GENERATE_INFOPLIST_FILE = YES;
				INFOPLIST_FILE = AppBackFront/Info.plist;
				INFOPLIST_KEY_UIApplicationSupportsIndirectInputEvents = YES;
				INFOPLIST_KEY_UILaunchStoryboardName = LaunchScreen;
				INFOPLIST_KEY_UIMainStoryboardFile = "";
				INFOPLIST_KEY_UISupportedInterfaceOrientations_iPad = "UIInterfaceOrientationPortrait UIInterfaceOrientationPortraitUpsideDown UIInterfaceOrientationLandscapeLeft UIInterfaceOrientationLandscapeRight";
				INFOPLIST_KEY_UISupportedInterfaceOrientations_iPhone = "UIInterfaceOrientationPortrait UIInterfaceOrientationLandscapeLeft UIInterfaceOrientationLandscapeRight";
				LD_RUNPATH_SEARCH_PATHS = (
					"$(inherited)",
					"@executable_path/Frameworks",
				);
				MARKETING_VERSION = 1.0;
				PRODUCT_BUNDLE_IDENTIFIER = backFront.AppBackFrontAllysson;
				PRODUCT_NAME = "$(TARGET_NAME)";
				SUPPORTED_PLATFORMS = "iphoneos iphonesimulator";
				SUPPORTS_MACCATALYST = NO;
				SUPPORTS_MAC_DESIGNED_FOR_IPHONE_IPAD = NO;
				SWIFT_EMIT_LOC_STRINGS = YES;
				SWIFT_VERSION = 5.0;
				TARGETED_DEVICE_FAMILY = 1;
			};
			name = Debug;
		};
		343B9DAF28D3A07E00956373 /* Release */ = {
			isa = XCBuildConfiguration;
			baseConfigurationReference = 84E513B53CE1EEFE5012C40F /* Pods-AppBackFront.release.xcconfig */;
			buildSettings = {
				ASSETCATALOG_COMPILER_APPICON_NAME = AppIcon;
				ASSETCATALOG_COMPILER_GLOBAL_ACCENT_COLOR_NAME = AccentColor;
				CODE_SIGN_STYLE = Automatic;
				CURRENT_PROJECT_VERSION = 1;
				GENERATE_INFOPLIST_FILE = YES;
				INFOPLIST_FILE = AppBackFront/Info.plist;
				INFOPLIST_KEY_UIApplicationSupportsIndirectInputEvents = YES;
				INFOPLIST_KEY_UILaunchStoryboardName = LaunchScreen;
				INFOPLIST_KEY_UIMainStoryboardFile = "";
				INFOPLIST_KEY_UISupportedInterfaceOrientations_iPad = "UIInterfaceOrientationPortrait UIInterfaceOrientationPortraitUpsideDown UIInterfaceOrientationLandscapeLeft UIInterfaceOrientationLandscapeRight";
				INFOPLIST_KEY_UISupportedInterfaceOrientations_iPhone = "UIInterfaceOrientationPortrait UIInterfaceOrientationLandscapeLeft UIInterfaceOrientationLandscapeRight";
				LD_RUNPATH_SEARCH_PATHS = (
					"$(inherited)",
					"@executable_path/Frameworks",
				);
				MARKETING_VERSION = 1.0;
				PRODUCT_BUNDLE_IDENTIFIER = backFront.AppBackFrontAllysson;
				PRODUCT_NAME = "$(TARGET_NAME)";
				SUPPORTED_PLATFORMS = "iphoneos iphonesimulator";
				SUPPORTS_MACCATALYST = NO;
				SUPPORTS_MAC_DESIGNED_FOR_IPHONE_IPAD = NO;
				SWIFT_EMIT_LOC_STRINGS = YES;
				SWIFT_VERSION = 5.0;
				TARGETED_DEVICE_FAMILY = 1;
			};
			name = Release;
		};
/* End XCBuildConfiguration section */

/* Begin XCConfigurationList section */
		343B9D9428D3A07C00956373 /* Build configuration list for PBXProject "AppBackFront" */ = {
			isa = XCConfigurationList;
			buildConfigurations = (
				343B9DAB28D3A07E00956373 /* Debug */,
				343B9DAC28D3A07E00956373 /* Release */,
			);
			defaultConfigurationIsVisible = 0;
			defaultConfigurationName = Release;
		};
		343B9DAD28D3A07E00956373 /* Build configuration list for PBXNativeTarget "AppBackFront" */ = {
			isa = XCConfigurationList;
			buildConfigurations = (
				343B9DAE28D3A07E00956373 /* Debug */,
				343B9DAF28D3A07E00956373 /* Release */,
			);
			defaultConfigurationIsVisible = 0;
			defaultConfigurationName = Release;
		};
/* End XCConfigurationList section */

/* Begin XCRemoteSwiftPackageReference section */
		84A14B732A75AEA500B5F492 /* XCRemoteSwiftPackageReference "firebase-ios-sdk" */ = {
			isa = XCRemoteSwiftPackageReference;
			repositoryURL = "https://github.com/firebase/firebase-ios-sdk";
			requirement = {
				kind = upToNextMajorVersion;
				minimumVersion = 10.0.0;
			};
		};
/* End XCRemoteSwiftPackageReference section */

/* Begin XCSwiftPackageProductDependency section */
		84A14B742A75AEA500B5F492 /* FirebaseAuth */ = {
			isa = XCSwiftPackageProductDependency;
			package = 84A14B732A75AEA500B5F492 /* XCRemoteSwiftPackageReference "firebase-ios-sdk" */;
			productName = FirebaseAuth;
		};
		84A14B762A75AEA500B5F492 /* FirebaseCrashlytics */ = {
			isa = XCSwiftPackageProductDependency;
			package = 84A14B732A75AEA500B5F492 /* XCRemoteSwiftPackageReference "firebase-ios-sdk" */;
			productName = FirebaseCrashlytics;
		};
/* End XCSwiftPackageProductDependency section */
	};
	rootObject = 343B9D9128D3A07C00956373 /* Project object */;
}
